
Microsoft Visual Studio Solution File, Format Version 12.00
# Visual Studio Version 17
VisualStudioVersion = 17.12.35527.113
MinimumVisualStudioVersion = 10.0.40219.1
Project("{FAE04EC0-301F-11D3-BF4B-00C04F79EFBC}") = "MeterReadingsAPI", "MeterReadings\MeterReadingsAPI.csproj", "{5AB766EB-63D9-4F01-9CEB-3BF46E5F8D00}"
EndProject
Project("{FAE04EC0-301F-11D3-BF4B-00C04F79EFBC}") = "MeterReadingsServiceLayer", "MeterReadingsServiceLayer\MeterReadingsServiceLayer.csproj", "{D0C1F107-1DD5-4A36-AF90-41D38410AE03}"
EndProject
Project("{FAE04EC0-301F-11D3-BF4B-00C04F79EFBC}") = "MeterReadingsServiceLayer.Tests", "MeterReadingsServiceLayer.Tests\MeterReadingsServiceLayer.Tests.csproj", "{02D39EDC-C306-4677-B2B0-621323EC7F0D}"
EndProject
Project("{FAE04EC0-301F-11D3-BF4B-00C04F79EFBC}") = "MeterReadingsDAL", "MeterReadingsDAL\MeterReadingsDAL.csproj", "{F7C76727-C771-4953-BC5F-A3EEDCC58070}"
EndProject
Project("{FAE04EC0-301F-11D3-BF4B-00C04F79EFBC}") = "MeterReadingsDAL.Tests", "MeterReadingsDAL.Tests\MeterReadingsDAL.Tests.csproj", "{7A313FE2-6B43-4368-9099-114620EA3479}"
EndProject
Project("{FAE04EC0-301F-11D3-BF4B-00C04F79EFBC}") = "Client", "Client\Client.csproj", "{A2837E18-3368-4DB3-AFA6-B6F5C621BEA0}"
EndProject
Project("{FAE04EC0-301F-11D3-BF4B-00C04F79EFBC}") = "Shared", "Shared\Shared.csproj", "{1F1C42DB-F45F-41F2-BE4D-58BB759DC712}"
EndProject
Global
	GlobalSection(SolutionConfigurationPlatforms) = preSolution
		Debug|Any CPU = Debug|Any CPU
		Release|Any CPU = Release|Any CPU
	EndGlobalSection
	GlobalSection(ProjectConfigurationPlatforms) = postSolution
		{5AB766EB-63D9-4F01-9CEB-3BF46E5F8D00}.Debug|Any CPU.ActiveCfg = Debug|Any CPU
		{5AB766EB-63D9-4F01-9CEB-3BF46E5F8D00}.Debug|Any CPU.Build.0 = Debug|Any CPU
		{5AB766EB-63D9-4F01-9CEB-3BF46E5F8D00}.Release|Any CPU.ActiveCfg = Release|Any CPU
		{5AB766EB-63D9-4F01-9CEB-3BF46E5F8D00}.Release|Any CPU.Build.0 = Release|Any CPU
		{D0C1F107-1DD5-4A36-AF90-41D38410AE03}.Debug|Any CPU.ActiveCfg = Debug|Any CPU
		{D0C1F107-1DD5-4A36-AF90-41D38410AE03}.Debug|Any CPU.Build.0 = Debug|Any CPU
		{D0C1F107-1DD5-4A36-AF90-41D38410AE03}.Release|Any CPU.ActiveCfg = Release|Any CPU
		{D0C1F107-1DD5-4A36-AF90-41D38410AE03}.Release|Any CPU.Build.0 = Release|Any CPU
		{02D39EDC-C306-4677-B2B0-621323EC7F0D}.Debug|Any CPU.ActiveCfg = Debug|Any CPU
		{02D39EDC-C306-4677-B2B0-621323EC7F0D}.Debug|Any CPU.Build.0 = Debug|Any CPU
		{02D39EDC-C306-4677-B2B0-621323EC7F0D}.Release|Any CPU.ActiveCfg = Release|Any CPU
		{02D39EDC-C306-4677-B2B0-621323EC7F0D}.Release|Any CPU.Build.0 = Release|Any CPU
		{F7C76727-C771-4953-BC5F-A3EEDCC58070}.Debug|Any CPU.ActiveCfg = Debug|Any CPU
		{F7C76727-C771-4953-BC5F-A3EEDCC58070}.Debug|Any CPU.Build.0 = Debug|Any CPU
		{F7C76727-C771-4953-BC5F-A3EEDCC58070}.Release|Any CPU.ActiveCfg = Release|Any CPU
		{F7C76727-C771-4953-BC5F-A3EEDCC58070}.Release|Any CPU.Build.0 = Release|Any CPU
		{7A313FE2-6B43-4368-9099-114620EA3479}.Debug|Any CPU.ActiveCfg = Debug|Any CPU
		{7A313FE2-6B43-4368-9099-114620EA3479}.Debug|Any CPU.Build.0 = Debug|Any CPU
		{7A313FE2-6B43-4368-9099-114620EA3479}.Release|Any CPU.ActiveCfg = Release|Any CPU
		{7A313FE2-6B43-4368-9099-114620EA3479}.Release|Any CPU.Build.0 = Release|Any CPU
		{A2837E18-3368-4DB3-AFA6-B6F5C621BEA0}.Debug|Any CPU.ActiveCfg = Debug|Any CPU
		{A2837E18-3368-4DB3-AFA6-B6F5C621BEA0}.Debug|Any CPU.Build.0 = Debug|Any CPU
		{A2837E18-3368-4DB3-AFA6-B6F5C621BEA0}.Release|Any CPU.ActiveCfg = Release|Any CPU
		{A2837E18-3368-4DB3-AFA6-B6F5C621BEA0}.Release|Any CPU.Build.0 = Release|Any CPU
		{1F1C42DB-F45F-41F2-BE4D-58BB759DC712}.Debug|Any CPU.ActiveCfg = Debug|Any CPU
		{1F1C42DB-F45F-41F2-BE4D-58BB759DC712}.Debug|Any CPU.Build.0 = Debug|Any CPU
		{1F1C42DB-F45F-41F2-BE4D-58BB759DC712}.Release|Any CPU.ActiveCfg = Release|Any CPU
		{1F1C42DB-F45F-41F2-BE4D-58BB759DC712}.Release|Any CPU.Build.0 = Release|Any CPU
	EndGlobalSection
	GlobalSection(SolutionProperties) = preSolution
		HideSolutionNode = FALSE
	EndGlobalSection
EndGlobal
